
Microsoft Visual Studio Solution File, Format Version 12.00
# Visual Studio Version 17
VisualStudioVersion = 17.0.31919.166
MinimumVisualStudioVersion = 10.0.40219.1
Project("{2150E333-8FDC-42A3-9474-1A3956D46DE8}") = "src", "src", "{D6C68D7F-CBC8-4700-A5F4-BA39966FE73C}"
EndProject
Project("{2150E333-8FDC-42A3-9474-1A3956D46DE8}") = "Tests", "Tests", "{3B478EA0-F31D-4067-B313-2EC16EDDDEA3}"
EndProject
Project("{2150E333-8FDC-42A3-9474-1A3956D46DE8}") = "Base", "Base", "{B6015095-D28C-4D9E-82FB-7166934E8AA5}"
EndProject
Project("{2150E333-8FDC-42A3-9474-1A3956D46DE8}") = "Plugins", "Plugins", "{DD409C11-D6B5-47ED-9FD2-FDECE50FC4FA}"
EndProject
Project("{9A19103F-16F7-4668-BE54-9A1E7A4F7556}") = "Laminar.Avalonia", "src\Base\Laminar.Avalonia\Laminar.Avalonia.csproj", "{145AE802-142C-4489-9AF3-5A8FB5163EBF}"
EndProject
Project("{9A19103F-16F7-4668-BE54-9A1E7A4F7556}") = "Laminar.Implementation", "src\Base\Laminar.Implementation\Laminar.Implementation.csproj", "{D7AB1EAC-56CB-4C13-B10C-BCEE1CD241CA}"
EndProject
Project("{9A19103F-16F7-4668-BE54-9A1E7A4F7556}") = "BasicFunctionality", "src\Plugins\BasicFunctionality\BasicFunctionality.csproj", "{BC361862-7189-4F7B-8DE5-102D674EBB95}"
EndProject
Project("{9A19103F-16F7-4668-BE54-9A1E7A4F7556}") = "WindowsKeyboardMouse", "src\Plugins\WindowsKeyboardMouse\WindowsKeyboardMouse.csproj", "{6F57FBC4-129B-4C78-9163-97E6473B21F7}"
EndProject
Project("{9A19103F-16F7-4668-BE54-9A1E7A4F7556}") = "WindowsPluginBase", "src\Plugins\WindowsPluginBase\WindowsPluginBase.csproj", "{FFDC5590-4A10-45D7-AFB0-FEFCAEC28919}"
EndProject
Project("{9A19103F-16F7-4668-BE54-9A1E7A4F7556}") = "Laminar.Contracts", "src\Base\Laminar.Contracts\Laminar.Contracts.csproj", "{163F669E-2DFB-4F2E-9BC4-9C714BBE5141}"
EndProject
Global
	GlobalSection(SolutionConfigurationPlatforms) = preSolution
		Debug|Any CPU = Debug|Any CPU
		Debug|x64 = Debug|x64
		Debug|x86 = Debug|x86
		Release|Any CPU = Release|Any CPU
		Release|x64 = Release|x64
		Release|x86 = Release|x86
	EndGlobalSection
	GlobalSection(ProjectConfigurationPlatforms) = postSolution
		{BC361862-7189-4F7B-8DE5-102D674EBB95}.Debug|Any CPU.ActiveCfg = Debug|Any CPU
		{BC361862-7189-4F7B-8DE5-102D674EBB95}.Debug|Any CPU.Build.0 = Debug|Any CPU
		{BC361862-7189-4F7B-8DE5-102D674EBB95}.Debug|x64.ActiveCfg = Debug|Any CPU
		{BC361862-7189-4F7B-8DE5-102D674EBB95}.Debug|x64.Build.0 = Debug|Any CPU
		{BC361862-7189-4F7B-8DE5-102D674EBB95}.Debug|x86.ActiveCfg = Debug|Any CPU
		{BC361862-7189-4F7B-8DE5-102D674EBB95}.Debug|x86.Build.0 = Debug|Any CPU
		{BC361862-7189-4F7B-8DE5-102D674EBB95}.Release|Any CPU.ActiveCfg = Release|Any CPU
		{BC361862-7189-4F7B-8DE5-102D674EBB95}.Release|Any CPU.Build.0 = Release|Any CPU
		{BC361862-7189-4F7B-8DE5-102D674EBB95}.Release|x64.ActiveCfg = Release|Any CPU
		{BC361862-7189-4F7B-8DE5-102D674EBB95}.Release|x64.Build.0 = Release|Any CPU
		{BC361862-7189-4F7B-8DE5-102D674EBB95}.Release|x86.ActiveCfg = Release|Any CPU
		{BC361862-7189-4F7B-8DE5-102D674EBB95}.Release|x86.Build.0 = Release|Any CPU
		{6F57FBC4-129B-4C78-9163-97E6473B21F7}.Debug|Any CPU.ActiveCfg = Debug|Any CPU
		{6F57FBC4-129B-4C78-9163-97E6473B21F7}.Debug|Any CPU.Build.0 = Debug|Any CPU
		{6F57FBC4-129B-4C78-9163-97E6473B21F7}.Debug|x64.ActiveCfg = Debug|Any CPU
		{6F57FBC4-129B-4C78-9163-97E6473B21F7}.Debug|x64.Build.0 = Debug|Any CPU
		{6F57FBC4-129B-4C78-9163-97E6473B21F7}.Debug|x86.ActiveCfg = Debug|Any CPU
		{6F57FBC4-129B-4C78-9163-97E6473B21F7}.Debug|x86.Build.0 = Debug|Any CPU
		{6F57FBC4-129B-4C78-9163-97E6473B21F7}.Release|Any CPU.ActiveCfg = Release|Any CPU
		{6F57FBC4-129B-4C78-9163-97E6473B21F7}.Release|Any CPU.Build.0 = Release|Any CPU
		{6F57FBC4-129B-4C78-9163-97E6473B21F7}.Release|x64.ActiveCfg = Release|Any CPU
		{6F57FBC4-129B-4C78-9163-97E6473B21F7}.Release|x64.Build.0 = Release|Any CPU
		{6F57FBC4-129B-4C78-9163-97E6473B21F7}.Release|x86.ActiveCfg = Release|Any CPU
		{6F57FBC4-129B-4C78-9163-97E6473B21F7}.Release|x86.Build.0 = Release|Any CPU
		{FFDC5590-4A10-45D7-AFB0-FEFCAEC28919}.Debug|Any CPU.ActiveCfg = Debug|Any CPU
		{FFDC5590-4A10-45D7-AFB0-FEFCAEC28919}.Debug|Any CPU.Build.0 = Debug|Any CPU
		{FFDC5590-4A10-45D7-AFB0-FEFCAEC28919}.Debug|x64.ActiveCfg = Debug|Any CPU
		{FFDC5590-4A10-45D7-AFB0-FEFCAEC28919}.Debug|x64.Build.0 = Debug|Any CPU
		{FFDC5590-4A10-45D7-AFB0-FEFCAEC28919}.Debug|x86.ActiveCfg = Debug|Any CPU
		{FFDC5590-4A10-45D7-AFB0-FEFCAEC28919}.Debug|x86.Build.0 = Debug|Any CPU
		{FFDC5590-4A10-45D7-AFB0-FEFCAEC28919}.Release|Any CPU.ActiveCfg = Release|Any CPU
		{FFDC5590-4A10-45D7-AFB0-FEFCAEC28919}.Release|Any CPU.Build.0 = Release|Any CPU
		{FFDC5590-4A10-45D7-AFB0-FEFCAEC28919}.Release|x64.ActiveCfg = Release|Any CPU
		{FFDC5590-4A10-45D7-AFB0-FEFCAEC28919}.Release|x64.Build.0 = Release|Any CPU
		{FFDC5590-4A10-45D7-AFB0-FEFCAEC28919}.Release|x86.ActiveCfg = Release|Any CPU
		{FFDC5590-4A10-45D7-AFB0-FEFCAEC28919}.Release|x86.Build.0 = Release|Any CPU
		{163F669E-2DFB-4F2E-9BC4-9C714BBE5141}.Debug|Any CPU.ActiveCfg = Debug|Any CPU
		{163F669E-2DFB-4F2E-9BC4-9C714BBE5141}.Debug|Any CPU.Build.0 = Debug|Any CPU
		{163F669E-2DFB-4F2E-9BC4-9C714BBE5141}.Debug|x64.ActiveCfg = Debug|Any CPU
		{163F669E-2DFB-4F2E-9BC4-9C714BBE5141}.Debug|x64.Build.0 = Debug|Any CPU
		{163F669E-2DFB-4F2E-9BC4-9C714BBE5141}.Debug|x86.ActiveCfg = Debug|Any CPU
		{163F669E-2DFB-4F2E-9BC4-9C714BBE5141}.Debug|x86.Build.0 = Debug|Any CPU
		{163F669E-2DFB-4F2E-9BC4-9C714BBE5141}.Release|Any CPU.ActiveCfg = Release|Any CPU
		{163F669E-2DFB-4F2E-9BC4-9C714BBE5141}.Release|Any CPU.Build.0 = Release|Any CPU
		{163F669E-2DFB-4F2E-9BC4-9C714BBE5141}.Release|x64.ActiveCfg = Release|Any CPU
		{163F669E-2DFB-4F2E-9BC4-9C714BBE5141}.Release|x64.Build.0 = Release|Any CPU
		{163F669E-2DFB-4F2E-9BC4-9C714BBE5141}.Release|x86.ActiveCfg = Release|Any CPU
		{163F669E-2DFB-4F2E-9BC4-9C714BBE5141}.Release|x86.Build.0 = Release|Any CPU
	EndGlobalSection
	GlobalSection(SolutionProperties) = preSolution
		HideSolutionNode = FALSE
	EndGlobalSection
	GlobalSection(NestedProjects) = preSolution
		{DD409C11-D6B5-47ED-9FD2-FDECE50FC4FA} = {D6C68D7F-CBC8-4700-A5F4-BA39966FE73C}
		{BC361862-7189-4F7B-8DE5-102D674EBB95} = {DD409C11-D6B5-47ED-9FD2-FDECE50FC4FA}
		{6F57FBC4-129B-4C78-9163-97E6473B21F7} = {DD409C11-D6B5-47ED-9FD2-FDECE50FC4FA}
		{FFDC5590-4A10-45D7-AFB0-FEFCAEC28919} = {DD409C11-D6B5-47ED-9FD2-FDECE50FC4FA}
	EndGlobalSection
	GlobalSection(ExtensibilityGlobals) = postSolution
		SolutionGuid = {4A37BCC4-6E76-48E6-88C7-10E68EC6215F}
	EndGlobalSection
EndGlobal
