
Microsoft Visual Studio Solution File, Format Version 12.00
# Visual Studio Version 16
VisualStudioVersion = 16.0.30011.22
MinimumVisualStudioVersion = 10.0.40219.1
Project("{2150E333-8FDC-42A3-9474-1A3956D46DE8}") = "src", "src", "{D6C68D7F-CBC8-4700-A5F4-BA39966FE73C}"
EndProject
Project("{2150E333-8FDC-42A3-9474-1A3956D46DE8}") = "Tests", "Tests", "{3B478EA0-F31D-4067-B313-2EC16EDDDEA3}"
EndProject
Project("{2150E333-8FDC-42A3-9474-1A3956D46DE8}") = "Base", "Base", "{B6015095-D28C-4D9E-82FB-7166934E8AA5}"
EndProject
Project("{2150E333-8FDC-42A3-9474-1A3956D46DE8}") = "Plugins", "Plugins", "{DD409C11-D6B5-47ED-9FD2-FDECE50FC4FA}"
EndProject
Project("{2150E333-8FDC-42A3-9474-1A3956D46DE8}") = "Base", "Base", "{497F048D-2E1C-4018-8350-A5786F43E570}"
EndProject
Project("{2150E333-8FDC-42A3-9474-1A3956D46DE8}") = "Plugins", "Plugins", "{3A8E10AB-3140-4973-A9A5-1476B49070BE}"
EndProject
Project("{9A19103F-16F7-4668-BE54-9A1E7A4F7556}") = "Laminar_Avalonia", "src\Base\Laminar_Avalonia\Laminar_Avalonia.csproj", "{145AE802-142C-4489-9AF3-5A8FB5163EBF}"
	ProjectSection(ProjectDependencies) = postProject
		{BC361862-7189-4F7B-8DE5-102D674EBB95} = {BC361862-7189-4F7B-8DE5-102D674EBB95}
		{1FF90085-7F7A-4035-A502-46241BC9A939} = {1FF90085-7F7A-4035-A502-46241BC9A939}
		{6F57FBC4-129B-4C78-9163-97E6473B21F7} = {6F57FBC4-129B-4C78-9163-97E6473B21F7}
	EndProjectSection
EndProject
Project("{9A19103F-16F7-4668-BE54-9A1E7A4F7556}") = "Laminar_Core", "src\Base\OpenFlow_Core\Laminar_Core.csproj", "{D7AB1EAC-56CB-4C13-B10C-BCEE1CD241CA}"
EndProject
Project("{9A19103F-16F7-4668-BE54-9A1E7A4F7556}") = "Laminar_PluginFramework", "src\Base\OpenFlow_PluginFramework\Laminar_PluginFramework.csproj", "{1FF90085-7F7A-4035-A502-46241BC9A939}"
EndProject
Project("{9A19103F-16F7-4668-BE54-9A1E7A4F7556}") = "Laminar_Inbuilt", "src\Plugins\OpenFlow_Inbuilt\Laminar_Inbuilt.csproj", "{BC361862-7189-4F7B-8DE5-102D674EBB95}"
EndProject
Project("{9A19103F-16F7-4668-BE54-9A1E7A4F7556}") = "OpenFlow_Core.UnitTests", "tests\Base\OpenFlow_PluginFramework.UnitTests\OpenFlow_Core.UnitTests.csproj", "{BB801A67-E81A-4CBA-8DB1-6B86886197F6}"
EndProject
Project("{9A19103F-16F7-4668-BE54-9A1E7A4F7556}") = "WindowsKeyboardMouse", "src\Plugins\WindowsKeyboardMouse\WindowsKeyboardMouse.csproj", "{6F57FBC4-129B-4C78-9163-97E6473B21F7}"
EndProject
Global
	GlobalSection(SolutionConfigurationPlatforms) = preSolution
		Debug|Any CPU = Debug|Any CPU
		Debug|x64 = Debug|x64
		Debug|x86 = Debug|x86
		Release|Any CPU = Release|Any CPU
		Release|x64 = Release|x64
		Release|x86 = Release|x86
	EndGlobalSection
	GlobalSection(ProjectConfigurationPlatforms) = postSolution
		{145AE802-142C-4489-9AF3-5A8FB5163EBF}.Debug|Any CPU.ActiveCfg = Debug|Any CPU
		{145AE802-142C-4489-9AF3-5A8FB5163EBF}.Debug|Any CPU.Build.0 = Debug|Any CPU
		{145AE802-142C-4489-9AF3-5A8FB5163EBF}.Debug|x64.ActiveCfg = Debug|Any CPU
		{145AE802-142C-4489-9AF3-5A8FB5163EBF}.Debug|x64.Build.0 = Debug|Any CPU
		{145AE802-142C-4489-9AF3-5A8FB5163EBF}.Debug|x86.ActiveCfg = Debug|Any CPU
		{145AE802-142C-4489-9AF3-5A8FB5163EBF}.Debug|x86.Build.0 = Debug|Any CPU
		{145AE802-142C-4489-9AF3-5A8FB5163EBF}.Release|Any CPU.ActiveCfg = Release|Any CPU
		{145AE802-142C-4489-9AF3-5A8FB5163EBF}.Release|Any CPU.Build.0 = Release|Any CPU
		{145AE802-142C-4489-9AF3-5A8FB5163EBF}.Release|x64.ActiveCfg = Release|Any CPU
		{145AE802-142C-4489-9AF3-5A8FB5163EBF}.Release|x64.Build.0 = Release|Any CPU
		{145AE802-142C-4489-9AF3-5A8FB5163EBF}.Release|x86.ActiveCfg = Release|Any CPU
		{145AE802-142C-4489-9AF3-5A8FB5163EBF}.Release|x86.Build.0 = Release|Any CPU
		{D7AB1EAC-56CB-4C13-B10C-BCEE1CD241CA}.Debug|Any CPU.ActiveCfg = Debug|Any CPU
		{D7AB1EAC-56CB-4C13-B10C-BCEE1CD241CA}.Debug|Any CPU.Build.0 = Debug|Any CPU
		{D7AB1EAC-56CB-4C13-B10C-BCEE1CD241CA}.Debug|x64.ActiveCfg = Debug|Any CPU
		{D7AB1EAC-56CB-4C13-B10C-BCEE1CD241CA}.Debug|x64.Build.0 = Debug|Any CPU
		{D7AB1EAC-56CB-4C13-B10C-BCEE1CD241CA}.Debug|x86.ActiveCfg = Debug|Any CPU
		{D7AB1EAC-56CB-4C13-B10C-BCEE1CD241CA}.Debug|x86.Build.0 = Debug|Any CPU
		{D7AB1EAC-56CB-4C13-B10C-BCEE1CD241CA}.Release|Any CPU.ActiveCfg = Release|Any CPU
		{D7AB1EAC-56CB-4C13-B10C-BCEE1CD241CA}.Release|Any CPU.Build.0 = Release|Any CPU
		{D7AB1EAC-56CB-4C13-B10C-BCEE1CD241CA}.Release|x64.ActiveCfg = Release|Any CPU
		{D7AB1EAC-56CB-4C13-B10C-BCEE1CD241CA}.Release|x64.Build.0 = Release|Any CPU
		{D7AB1EAC-56CB-4C13-B10C-BCEE1CD241CA}.Release|x86.ActiveCfg = Release|Any CPU
		{D7AB1EAC-56CB-4C13-B10C-BCEE1CD241CA}.Release|x86.Build.0 = Release|Any CPU
		{1FF90085-7F7A-4035-A502-46241BC9A939}.Debug|Any CPU.ActiveCfg = Debug|Any CPU
		{1FF90085-7F7A-4035-A502-46241BC9A939}.Debug|Any CPU.Build.0 = Debug|Any CPU
		{1FF90085-7F7A-4035-A502-46241BC9A939}.Debug|x64.ActiveCfg = Debug|Any CPU
		{1FF90085-7F7A-4035-A502-46241BC9A939}.Debug|x64.Build.0 = Debug|Any CPU
		{1FF90085-7F7A-4035-A502-46241BC9A939}.Debug|x86.ActiveCfg = Debug|Any CPU
		{1FF90085-7F7A-4035-A502-46241BC9A939}.Debug|x86.Build.0 = Debug|Any CPU
		{1FF90085-7F7A-4035-A502-46241BC9A939}.Release|Any CPU.ActiveCfg = Release|Any CPU
		{1FF90085-7F7A-4035-A502-46241BC9A939}.Release|Any CPU.Build.0 = Release|Any CPU
		{1FF90085-7F7A-4035-A502-46241BC9A939}.Release|x64.ActiveCfg = Release|Any CPU
		{1FF90085-7F7A-4035-A502-46241BC9A939}.Release|x64.Build.0 = Release|Any CPU
		{1FF90085-7F7A-4035-A502-46241BC9A939}.Release|x86.ActiveCfg = Release|Any CPU
		{1FF90085-7F7A-4035-A502-46241BC9A939}.Release|x86.Build.0 = Release|Any CPU
		{BC361862-7189-4F7B-8DE5-102D674EBB95}.Debug|Any CPU.ActiveCfg = Debug|Any CPU
		{BC361862-7189-4F7B-8DE5-102D674EBB95}.Debug|Any CPU.Build.0 = Debug|Any CPU
		{BC361862-7189-4F7B-8DE5-102D674EBB95}.Debug|x64.ActiveCfg = Debug|Any CPU
		{BC361862-7189-4F7B-8DE5-102D674EBB95}.Debug|x64.Build.0 = Debug|Any CPU
		{BC361862-7189-4F7B-8DE5-102D674EBB95}.Debug|x86.ActiveCfg = Debug|Any CPU
		{BC361862-7189-4F7B-8DE5-102D674EBB95}.Debug|x86.Build.0 = Debug|Any CPU
		{BC361862-7189-4F7B-8DE5-102D674EBB95}.Release|Any CPU.ActiveCfg = Release|Any CPU
		{BC361862-7189-4F7B-8DE5-102D674EBB95}.Release|Any CPU.Build.0 = Release|Any CPU
		{BC361862-7189-4F7B-8DE5-102D674EBB95}.Release|x64.ActiveCfg = Release|Any CPU
		{BC361862-7189-4F7B-8DE5-102D674EBB95}.Release|x64.Build.0 = Release|Any CPU
		{BC361862-7189-4F7B-8DE5-102D674EBB95}.Release|x86.ActiveCfg = Release|Any CPU
		{BC361862-7189-4F7B-8DE5-102D674EBB95}.Release|x86.Build.0 = Release|Any CPU
		{BB801A67-E81A-4CBA-8DB1-6B86886197F6}.Debug|Any CPU.ActiveCfg = Debug|Any CPU
		{BB801A67-E81A-4CBA-8DB1-6B86886197F6}.Debug|Any CPU.Build.0 = Debug|Any CPU
		{BB801A67-E81A-4CBA-8DB1-6B86886197F6}.Debug|x64.ActiveCfg = Debug|Any CPU
		{BB801A67-E81A-4CBA-8DB1-6B86886197F6}.Debug|x64.Build.0 = Debug|Any CPU
		{BB801A67-E81A-4CBA-8DB1-6B86886197F6}.Debug|x86.ActiveCfg = Debug|Any CPU
		{BB801A67-E81A-4CBA-8DB1-6B86886197F6}.Debug|x86.Build.0 = Debug|Any CPU
		{BB801A67-E81A-4CBA-8DB1-6B86886197F6}.Release|Any CPU.ActiveCfg = Release|Any CPU
		{BB801A67-E81A-4CBA-8DB1-6B86886197F6}.Release|Any CPU.Build.0 = Release|Any CPU
		{BB801A67-E81A-4CBA-8DB1-6B86886197F6}.Release|x64.ActiveCfg = Release|Any CPU
		{BB801A67-E81A-4CBA-8DB1-6B86886197F6}.Release|x64.Build.0 = Release|Any CPU
		{BB801A67-E81A-4CBA-8DB1-6B86886197F6}.Release|x86.ActiveCfg = Release|Any CPU
		{BB801A67-E81A-4CBA-8DB1-6B86886197F6}.Release|x86.Build.0 = Release|Any CPU
		{6F57FBC4-129B-4C78-9163-97E6473B21F7}.Debug|Any CPU.ActiveCfg = Debug|Any CPU
		{6F57FBC4-129B-4C78-9163-97E6473B21F7}.Debug|Any CPU.Build.0 = Debug|Any CPU
		{6F57FBC4-129B-4C78-9163-97E6473B21F7}.Debug|x64.ActiveCfg = Debug|Any CPU
		{6F57FBC4-129B-4C78-9163-97E6473B21F7}.Debug|x64.Build.0 = Debug|Any CPU
		{6F57FBC4-129B-4C78-9163-97E6473B21F7}.Debug|x86.ActiveCfg = Debug|Any CPU
		{6F57FBC4-129B-4C78-9163-97E6473B21F7}.Debug|x86.Build.0 = Debug|Any CPU
		{6F57FBC4-129B-4C78-9163-97E6473B21F7}.Release|Any CPU.ActiveCfg = Release|Any CPU
		{6F57FBC4-129B-4C78-9163-97E6473B21F7}.Release|Any CPU.Build.0 = Release|Any CPU
		{6F57FBC4-129B-4C78-9163-97E6473B21F7}.Release|x64.ActiveCfg = Release|Any CPU
		{6F57FBC4-129B-4C78-9163-97E6473B21F7}.Release|x64.Build.0 = Release|Any CPU
		{6F57FBC4-129B-4C78-9163-97E6473B21F7}.Release|x86.ActiveCfg = Release|Any CPU
		{6F57FBC4-129B-4C78-9163-97E6473B21F7}.Release|x86.Build.0 = Release|Any CPU
	EndGlobalSection
	GlobalSection(SolutionProperties) = preSolution
		HideSolutionNode = FALSE
	EndGlobalSection
	GlobalSection(NestedProjects) = preSolution
		{B6015095-D28C-4D9E-82FB-7166934E8AA5} = {D6C68D7F-CBC8-4700-A5F4-BA39966FE73C}
		{DD409C11-D6B5-47ED-9FD2-FDECE50FC4FA} = {D6C68D7F-CBC8-4700-A5F4-BA39966FE73C}
		{497F048D-2E1C-4018-8350-A5786F43E570} = {3B478EA0-F31D-4067-B313-2EC16EDDDEA3}
		{3A8E10AB-3140-4973-A9A5-1476B49070BE} = {3B478EA0-F31D-4067-B313-2EC16EDDDEA3}
		{145AE802-142C-4489-9AF3-5A8FB5163EBF} = {B6015095-D28C-4D9E-82FB-7166934E8AA5}
		{D7AB1EAC-56CB-4C13-B10C-BCEE1CD241CA} = {B6015095-D28C-4D9E-82FB-7166934E8AA5}
		{1FF90085-7F7A-4035-A502-46241BC9A939} = {B6015095-D28C-4D9E-82FB-7166934E8AA5}
		{BC361862-7189-4F7B-8DE5-102D674EBB95} = {DD409C11-D6B5-47ED-9FD2-FDECE50FC4FA}
		{BB801A67-E81A-4CBA-8DB1-6B86886197F6} = {497F048D-2E1C-4018-8350-A5786F43E570}
		{6F57FBC4-129B-4C78-9163-97E6473B21F7} = {DD409C11-D6B5-47ED-9FD2-FDECE50FC4FA}
	EndGlobalSection
	GlobalSection(ExtensibilityGlobals) = postSolution
		SolutionGuid = {4A37BCC4-6E76-48E6-88C7-10E68EC6215F}
	EndGlobalSection
EndGlobal
