
Microsoft Visual Studio Solution File, Format Version 12.00
# Visual Studio Version 17
VisualStudioVersion = 17.0.31919.166
MinimumVisualStudioVersion = 10.0.40219.1
Project("{2150E333-8FDC-42A3-9474-1A3956D46DE8}") = "src", "src", "{D6C68D7F-CBC8-4700-A5F4-BA39966FE73C}"
EndProject
Project("{2150E333-8FDC-42A3-9474-1A3956D46DE8}") = "Tests", "Tests", "{3B478EA0-F31D-4067-B313-2EC16EDDDEA3}"
EndProject
Project("{2150E333-8FDC-42A3-9474-1A3956D46DE8}") = "Base", "Base", "{B6015095-D28C-4D9E-82FB-7166934E8AA5}"
EndProject
Project("{2150E333-8FDC-42A3-9474-1A3956D46DE8}") = "Plugins", "Plugins", "{DD409C11-D6B5-47ED-9FD2-FDECE50FC4FA}"
EndProject
Project("{9A19103F-16F7-4668-BE54-9A1E7A4F7556}") = "Laminar.Avalonia", "src\Base\Laminar.Avalonia\Laminar.Avalonia.csproj", "{145AE802-142C-4489-9AF3-5A8FB5163EBF}"
EndProject
Project("{9A19103F-16F7-4668-BE54-9A1E7A4F7556}") = "Laminar.Implementation", "src\Base\Laminar.Implementation\Laminar.Implementation.csproj", "{D7AB1EAC-56CB-4C13-B10C-BCEE1CD241CA}"
EndProject
Project("{9A19103F-16F7-4668-BE54-9A1E7A4F7556}") = "Laminar.PluginFramework", "src\Base\Laminar.PluginFramework\Laminar.PluginFramework.csproj", "{1FF90085-7F7A-4035-A502-46241BC9A939}"
EndProject
Project("{9A19103F-16F7-4668-BE54-9A1E7A4F7556}") = "BasicFunctionality", "src\Plugins\BasicFunctionality\BasicFunctionality.csproj", "{BC361862-7189-4F7B-8DE5-102D674EBB95}"
EndProject
Project("{9A19103F-16F7-4668-BE54-9A1E7A4F7556}") = "WindowsKeyboardMouse", "src\Plugins\WindowsKeyboardMouse\WindowsKeyboardMouse.csproj", "{6F57FBC4-129B-4C78-9163-97E6473B21F7}"
EndProject
Project("{9A19103F-16F7-4668-BE54-9A1E7A4F7556}") = "WindowsPluginBase", "src\Plugins\WindowsPluginBase\WindowsPluginBase.csproj", "{FFDC5590-4A10-45D7-AFB0-FEFCAEC28919}"
EndProject
Project("{9A19103F-16F7-4668-BE54-9A1E7A4F7556}") = "Laminar.Contracts", "src\Base\Laminar.Contracts\Laminar.Contracts.csproj", "{163F669E-2DFB-4F2E-9BC4-9C714BBE5141}"
EndProject
Project("{9A19103F-16F7-4668-BE54-9A1E7A4F7556}") = "Laminar.Domain", "src\Base\Laminar.Domain\Laminar.Domain.csproj", "{0CBF55E0-A769-43EF-A05E-462DE174AF98}"
EndProject
Project("{2150E333-8FDC-42A3-9474-1A3956D46DE8}") = "Solution Items", "Solution Items", "{BB60FA2E-DF04-4C2A-99ED-E1626C73D895}"
	ProjectSection(SolutionItems) = preProject
		.editorconfig = .editorconfig
	EndProjectSection
EndProject
Project("{9A19103F-16F7-4668-BE54-9A1E7A4F7556}") = "Laminar.Benchmarks", "src\Base\Laminar.Benchmarks\Laminar.Benchmarks.csproj", "{44E69B6E-4B19-43DF-BB6D-F717271FEFBE}"
EndProject
Project("{9A19103F-16F7-4668-BE54-9A1E7A4F7556}") = "BasicFunctionality.Avalonia", "src\Plugins\BasicFunctionality.Avalonia\BasicFunctionality.Avalonia.csproj", "{4987BAAF-3CB6-4D50-91CD-88A1F8E2EA54}"
EndProject
Project("{9A19103F-16F7-4668-BE54-9A1E7A4F7556}") = "Laminar.PluginFramework.UnitTests", "tests\Base\Laminar.PluginFramework.UnitTests\Laminar.PluginFramework.UnitTests.csproj", "{62F510E3-C627-4444-9DA6-E8F7CCB10DD4}"
EndProject
Project("{9A19103F-16F7-4668-BE54-9A1E7A4F7556}") = "Laminar.Domain.UnitTests", "tests\Base\Laminar.Domain.UnitTests\Laminar.Domain.UnitTests.csproj", "{B753EE8A-5F61-4468-8BFF-9F5F4A12142F}"
EndProject
Project("{FAE04EC0-301F-11D3-BF4B-00C04F79EFBC}") = "Laminar.PluginSourceGeneration", "src\Base\Laminar.PluginSourceGeneration\Laminar.PluginSourceGeneration.csproj", "{C1215B3D-C0C6-45A4-9C4B-4E9365284AE2}"
EndProject
Global
	GlobalSection(SolutionConfigurationPlatforms) = preSolution
		Debug|Any CPU = Debug|Any CPU
		Debug|x64 = Debug|x64
		Debug|x86 = Debug|x86
		Release|Any CPU = Release|Any CPU
		Release|x64 = Release|x64
		Release|x86 = Release|x86
	EndGlobalSection
	GlobalSection(ProjectConfigurationPlatforms) = postSolution
		{145AE802-142C-4489-9AF3-5A8FB5163EBF}.Debug|Any CPU.ActiveCfg = Debug|Any CPU
		{145AE802-142C-4489-9AF3-5A8FB5163EBF}.Debug|Any CPU.Build.0 = Debug|Any CPU
		{145AE802-142C-4489-9AF3-5A8FB5163EBF}.Debug|x64.ActiveCfg = Debug|Any CPU
		{145AE802-142C-4489-9AF3-5A8FB5163EBF}.Debug|x64.Build.0 = Debug|Any CPU
		{145AE802-142C-4489-9AF3-5A8FB5163EBF}.Debug|x86.ActiveCfg = Debug|Any CPU
		{145AE802-142C-4489-9AF3-5A8FB5163EBF}.Debug|x86.Build.0 = Debug|Any CPU
		{145AE802-142C-4489-9AF3-5A8FB5163EBF}.Release|Any CPU.ActiveCfg = Release|Any CPU
		{145AE802-142C-4489-9AF3-5A8FB5163EBF}.Release|Any CPU.Build.0 = Release|Any CPU
		{145AE802-142C-4489-9AF3-5A8FB5163EBF}.Release|x64.ActiveCfg = Release|Any CPU
		{145AE802-142C-4489-9AF3-5A8FB5163EBF}.Release|x64.Build.0 = Release|Any CPU
		{145AE802-142C-4489-9AF3-5A8FB5163EBF}.Release|x86.ActiveCfg = Release|Any CPU
		{145AE802-142C-4489-9AF3-5A8FB5163EBF}.Release|x86.Build.0 = Release|Any CPU
		{D7AB1EAC-56CB-4C13-B10C-BCEE1CD241CA}.Debug|Any CPU.ActiveCfg = Debug|Any CPU
		{D7AB1EAC-56CB-4C13-B10C-BCEE1CD241CA}.Debug|Any CPU.Build.0 = Debug|Any CPU
		{D7AB1EAC-56CB-4C13-B10C-BCEE1CD241CA}.Debug|x64.ActiveCfg = Debug|Any CPU
		{D7AB1EAC-56CB-4C13-B10C-BCEE1CD241CA}.Debug|x64.Build.0 = Debug|Any CPU
		{D7AB1EAC-56CB-4C13-B10C-BCEE1CD241CA}.Debug|x86.ActiveCfg = Debug|Any CPU
		{D7AB1EAC-56CB-4C13-B10C-BCEE1CD241CA}.Debug|x86.Build.0 = Debug|Any CPU
		{D7AB1EAC-56CB-4C13-B10C-BCEE1CD241CA}.Release|Any CPU.ActiveCfg = Release|Any CPU
		{D7AB1EAC-56CB-4C13-B10C-BCEE1CD241CA}.Release|Any CPU.Build.0 = Release|Any CPU
		{D7AB1EAC-56CB-4C13-B10C-BCEE1CD241CA}.Release|x64.ActiveCfg = Release|Any CPU
		{D7AB1EAC-56CB-4C13-B10C-BCEE1CD241CA}.Release|x64.Build.0 = Release|Any CPU
		{D7AB1EAC-56CB-4C13-B10C-BCEE1CD241CA}.Release|x86.ActiveCfg = Release|Any CPU
		{D7AB1EAC-56CB-4C13-B10C-BCEE1CD241CA}.Release|x86.Build.0 = Release|Any CPU
		{1FF90085-7F7A-4035-A502-46241BC9A939}.Debug|Any CPU.ActiveCfg = Debug|Any CPU
		{1FF90085-7F7A-4035-A502-46241BC9A939}.Debug|Any CPU.Build.0 = Debug|Any CPU
		{1FF90085-7F7A-4035-A502-46241BC9A939}.Debug|x64.ActiveCfg = Debug|Any CPU
		{1FF90085-7F7A-4035-A502-46241BC9A939}.Debug|x64.Build.0 = Debug|Any CPU
		{1FF90085-7F7A-4035-A502-46241BC9A939}.Debug|x86.ActiveCfg = Debug|Any CPU
		{1FF90085-7F7A-4035-A502-46241BC9A939}.Debug|x86.Build.0 = Debug|Any CPU
		{1FF90085-7F7A-4035-A502-46241BC9A939}.Release|Any CPU.ActiveCfg = Release|Any CPU
		{1FF90085-7F7A-4035-A502-46241BC9A939}.Release|Any CPU.Build.0 = Release|Any CPU
		{1FF90085-7F7A-4035-A502-46241BC9A939}.Release|x64.ActiveCfg = Release|Any CPU
		{1FF90085-7F7A-4035-A502-46241BC9A939}.Release|x64.Build.0 = Release|Any CPU
		{1FF90085-7F7A-4035-A502-46241BC9A939}.Release|x86.ActiveCfg = Release|Any CPU
		{1FF90085-7F7A-4035-A502-46241BC9A939}.Release|x86.Build.0 = Release|Any CPU
		{BC361862-7189-4F7B-8DE5-102D674EBB95}.Debug|Any CPU.ActiveCfg = Debug|Any CPU
		{BC361862-7189-4F7B-8DE5-102D674EBB95}.Debug|Any CPU.Build.0 = Debug|Any CPU
		{BC361862-7189-4F7B-8DE5-102D674EBB95}.Debug|x64.ActiveCfg = Debug|Any CPU
		{BC361862-7189-4F7B-8DE5-102D674EBB95}.Debug|x64.Build.0 = Debug|Any CPU
		{BC361862-7189-4F7B-8DE5-102D674EBB95}.Debug|x86.ActiveCfg = Debug|Any CPU
		{BC361862-7189-4F7B-8DE5-102D674EBB95}.Debug|x86.Build.0 = Debug|Any CPU
		{BC361862-7189-4F7B-8DE5-102D674EBB95}.Release|Any CPU.ActiveCfg = Release|Any CPU
		{BC361862-7189-4F7B-8DE5-102D674EBB95}.Release|Any CPU.Build.0 = Release|Any CPU
		{BC361862-7189-4F7B-8DE5-102D674EBB95}.Release|x64.ActiveCfg = Release|Any CPU
		{BC361862-7189-4F7B-8DE5-102D674EBB95}.Release|x64.Build.0 = Release|Any CPU
		{BC361862-7189-4F7B-8DE5-102D674EBB95}.Release|x86.ActiveCfg = Release|Any CPU
		{BC361862-7189-4F7B-8DE5-102D674EBB95}.Release|x86.Build.0 = Release|Any CPU
		{6F57FBC4-129B-4C78-9163-97E6473B21F7}.Debug|Any CPU.ActiveCfg = Debug|Any CPU
		{6F57FBC4-129B-4C78-9163-97E6473B21F7}.Debug|Any CPU.Build.0 = Debug|Any CPU
		{6F57FBC4-129B-4C78-9163-97E6473B21F7}.Debug|x64.ActiveCfg = Debug|Any CPU
		{6F57FBC4-129B-4C78-9163-97E6473B21F7}.Debug|x64.Build.0 = Debug|Any CPU
		{6F57FBC4-129B-4C78-9163-97E6473B21F7}.Debug|x86.ActiveCfg = Debug|Any CPU
		{6F57FBC4-129B-4C78-9163-97E6473B21F7}.Debug|x86.Build.0 = Debug|Any CPU
		{6F57FBC4-129B-4C78-9163-97E6473B21F7}.Release|Any CPU.ActiveCfg = Release|Any CPU
		{6F57FBC4-129B-4C78-9163-97E6473B21F7}.Release|Any CPU.Build.0 = Release|Any CPU
		{6F57FBC4-129B-4C78-9163-97E6473B21F7}.Release|x64.ActiveCfg = Release|Any CPU
		{6F57FBC4-129B-4C78-9163-97E6473B21F7}.Release|x64.Build.0 = Release|Any CPU
		{6F57FBC4-129B-4C78-9163-97E6473B21F7}.Release|x86.ActiveCfg = Release|Any CPU
		{6F57FBC4-129B-4C78-9163-97E6473B21F7}.Release|x86.Build.0 = Release|Any CPU
		{FFDC5590-4A10-45D7-AFB0-FEFCAEC28919}.Debug|Any CPU.ActiveCfg = Debug|Any CPU
		{FFDC5590-4A10-45D7-AFB0-FEFCAEC28919}.Debug|Any CPU.Build.0 = Debug|Any CPU
		{FFDC5590-4A10-45D7-AFB0-FEFCAEC28919}.Debug|x64.ActiveCfg = Debug|Any CPU
		{FFDC5590-4A10-45D7-AFB0-FEFCAEC28919}.Debug|x64.Build.0 = Debug|Any CPU
		{FFDC5590-4A10-45D7-AFB0-FEFCAEC28919}.Debug|x86.ActiveCfg = Debug|Any CPU
		{FFDC5590-4A10-45D7-AFB0-FEFCAEC28919}.Debug|x86.Build.0 = Debug|Any CPU
		{FFDC5590-4A10-45D7-AFB0-FEFCAEC28919}.Release|Any CPU.ActiveCfg = Release|Any CPU
		{FFDC5590-4A10-45D7-AFB0-FEFCAEC28919}.Release|Any CPU.Build.0 = Release|Any CPU
		{FFDC5590-4A10-45D7-AFB0-FEFCAEC28919}.Release|x64.ActiveCfg = Release|Any CPU
		{FFDC5590-4A10-45D7-AFB0-FEFCAEC28919}.Release|x64.Build.0 = Release|Any CPU
		{FFDC5590-4A10-45D7-AFB0-FEFCAEC28919}.Release|x86.ActiveCfg = Release|Any CPU
		{FFDC5590-4A10-45D7-AFB0-FEFCAEC28919}.Release|x86.Build.0 = Release|Any CPU
		{163F669E-2DFB-4F2E-9BC4-9C714BBE5141}.Debug|Any CPU.ActiveCfg = Debug|Any CPU
		{163F669E-2DFB-4F2E-9BC4-9C714BBE5141}.Debug|Any CPU.Build.0 = Debug|Any CPU
		{163F669E-2DFB-4F2E-9BC4-9C714BBE5141}.Debug|x64.ActiveCfg = Debug|Any CPU
		{163F669E-2DFB-4F2E-9BC4-9C714BBE5141}.Debug|x64.Build.0 = Debug|Any CPU
		{163F669E-2DFB-4F2E-9BC4-9C714BBE5141}.Debug|x86.ActiveCfg = Debug|Any CPU
		{163F669E-2DFB-4F2E-9BC4-9C714BBE5141}.Debug|x86.Build.0 = Debug|Any CPU
		{163F669E-2DFB-4F2E-9BC4-9C714BBE5141}.Release|Any CPU.ActiveCfg = Release|Any CPU
		{163F669E-2DFB-4F2E-9BC4-9C714BBE5141}.Release|Any CPU.Build.0 = Release|Any CPU
		{163F669E-2DFB-4F2E-9BC4-9C714BBE5141}.Release|x64.ActiveCfg = Release|Any CPU
		{163F669E-2DFB-4F2E-9BC4-9C714BBE5141}.Release|x64.Build.0 = Release|Any CPU
		{163F669E-2DFB-4F2E-9BC4-9C714BBE5141}.Release|x86.ActiveCfg = Release|Any CPU
		{163F669E-2DFB-4F2E-9BC4-9C714BBE5141}.Release|x86.Build.0 = Release|Any CPU
		{0CBF55E0-A769-43EF-A05E-462DE174AF98}.Debug|Any CPU.ActiveCfg = Debug|Any CPU
		{0CBF55E0-A769-43EF-A05E-462DE174AF98}.Debug|Any CPU.Build.0 = Debug|Any CPU
		{0CBF55E0-A769-43EF-A05E-462DE174AF98}.Debug|x64.ActiveCfg = Debug|Any CPU
		{0CBF55E0-A769-43EF-A05E-462DE174AF98}.Debug|x64.Build.0 = Debug|Any CPU
		{0CBF55E0-A769-43EF-A05E-462DE174AF98}.Debug|x86.ActiveCfg = Debug|Any CPU
		{0CBF55E0-A769-43EF-A05E-462DE174AF98}.Debug|x86.Build.0 = Debug|Any CPU
		{0CBF55E0-A769-43EF-A05E-462DE174AF98}.Release|Any CPU.ActiveCfg = Release|Any CPU
		{0CBF55E0-A769-43EF-A05E-462DE174AF98}.Release|Any CPU.Build.0 = Release|Any CPU
		{0CBF55E0-A769-43EF-A05E-462DE174AF98}.Release|x64.ActiveCfg = Release|Any CPU
		{0CBF55E0-A769-43EF-A05E-462DE174AF98}.Release|x64.Build.0 = Release|Any CPU
		{0CBF55E0-A769-43EF-A05E-462DE174AF98}.Release|x86.ActiveCfg = Release|Any CPU
		{0CBF55E0-A769-43EF-A05E-462DE174AF98}.Release|x86.Build.0 = Release|Any CPU
		{44E69B6E-4B19-43DF-BB6D-F717271FEFBE}.Debug|Any CPU.ActiveCfg = Debug|Any CPU
		{44E69B6E-4B19-43DF-BB6D-F717271FEFBE}.Debug|Any CPU.Build.0 = Debug|Any CPU
		{44E69B6E-4B19-43DF-BB6D-F717271FEFBE}.Debug|x64.ActiveCfg = Debug|Any CPU
		{44E69B6E-4B19-43DF-BB6D-F717271FEFBE}.Debug|x64.Build.0 = Debug|Any CPU
		{44E69B6E-4B19-43DF-BB6D-F717271FEFBE}.Debug|x86.ActiveCfg = Debug|Any CPU
		{44E69B6E-4B19-43DF-BB6D-F717271FEFBE}.Debug|x86.Build.0 = Debug|Any CPU
		{44E69B6E-4B19-43DF-BB6D-F717271FEFBE}.Release|Any CPU.ActiveCfg = Release|Any CPU
		{44E69B6E-4B19-43DF-BB6D-F717271FEFBE}.Release|Any CPU.Build.0 = Release|Any CPU
		{44E69B6E-4B19-43DF-BB6D-F717271FEFBE}.Release|x64.ActiveCfg = Release|Any CPU
		{44E69B6E-4B19-43DF-BB6D-F717271FEFBE}.Release|x64.Build.0 = Release|Any CPU
		{44E69B6E-4B19-43DF-BB6D-F717271FEFBE}.Release|x86.ActiveCfg = Release|Any CPU
		{44E69B6E-4B19-43DF-BB6D-F717271FEFBE}.Release|x86.Build.0 = Release|Any CPU
		{4987BAAF-3CB6-4D50-91CD-88A1F8E2EA54}.Debug|Any CPU.ActiveCfg = Debug|Any CPU
		{4987BAAF-3CB6-4D50-91CD-88A1F8E2EA54}.Debug|Any CPU.Build.0 = Debug|Any CPU
		{4987BAAF-3CB6-4D50-91CD-88A1F8E2EA54}.Debug|x64.ActiveCfg = Debug|Any CPU
		{4987BAAF-3CB6-4D50-91CD-88A1F8E2EA54}.Debug|x64.Build.0 = Debug|Any CPU
		{4987BAAF-3CB6-4D50-91CD-88A1F8E2EA54}.Debug|x86.ActiveCfg = Debug|Any CPU
		{4987BAAF-3CB6-4D50-91CD-88A1F8E2EA54}.Debug|x86.Build.0 = Debug|Any CPU
		{4987BAAF-3CB6-4D50-91CD-88A1F8E2EA54}.Release|Any CPU.ActiveCfg = Release|Any CPU
		{4987BAAF-3CB6-4D50-91CD-88A1F8E2EA54}.Release|Any CPU.Build.0 = Release|Any CPU
		{4987BAAF-3CB6-4D50-91CD-88A1F8E2EA54}.Release|x64.ActiveCfg = Release|Any CPU
		{4987BAAF-3CB6-4D50-91CD-88A1F8E2EA54}.Release|x64.Build.0 = Release|Any CPU
		{4987BAAF-3CB6-4D50-91CD-88A1F8E2EA54}.Release|x86.ActiveCfg = Release|Any CPU
		{4987BAAF-3CB6-4D50-91CD-88A1F8E2EA54}.Release|x86.Build.0 = Release|Any CPU
		{62F510E3-C627-4444-9DA6-E8F7CCB10DD4}.Debug|Any CPU.ActiveCfg = Debug|Any CPU
		{62F510E3-C627-4444-9DA6-E8F7CCB10DD4}.Debug|Any CPU.Build.0 = Debug|Any CPU
		{62F510E3-C627-4444-9DA6-E8F7CCB10DD4}.Debug|x64.ActiveCfg = Debug|Any CPU
		{62F510E3-C627-4444-9DA6-E8F7CCB10DD4}.Debug|x64.Build.0 = Debug|Any CPU
		{62F510E3-C627-4444-9DA6-E8F7CCB10DD4}.Debug|x86.ActiveCfg = Debug|Any CPU
		{62F510E3-C627-4444-9DA6-E8F7CCB10DD4}.Debug|x86.Build.0 = Debug|Any CPU
		{62F510E3-C627-4444-9DA6-E8F7CCB10DD4}.Release|Any CPU.ActiveCfg = Release|Any CPU
		{62F510E3-C627-4444-9DA6-E8F7CCB10DD4}.Release|Any CPU.Build.0 = Release|Any CPU
		{62F510E3-C627-4444-9DA6-E8F7CCB10DD4}.Release|x64.ActiveCfg = Release|Any CPU
		{62F510E3-C627-4444-9DA6-E8F7CCB10DD4}.Release|x64.Build.0 = Release|Any CPU
		{62F510E3-C627-4444-9DA6-E8F7CCB10DD4}.Release|x86.ActiveCfg = Release|Any CPU
		{62F510E3-C627-4444-9DA6-E8F7CCB10DD4}.Release|x86.Build.0 = Release|Any CPU
		{B753EE8A-5F61-4468-8BFF-9F5F4A12142F}.Debug|Any CPU.ActiveCfg = Debug|Any CPU
		{B753EE8A-5F61-4468-8BFF-9F5F4A12142F}.Debug|Any CPU.Build.0 = Debug|Any CPU
		{B753EE8A-5F61-4468-8BFF-9F5F4A12142F}.Debug|x64.ActiveCfg = Debug|Any CPU
		{B753EE8A-5F61-4468-8BFF-9F5F4A12142F}.Debug|x64.Build.0 = Debug|Any CPU
		{B753EE8A-5F61-4468-8BFF-9F5F4A12142F}.Debug|x86.ActiveCfg = Debug|Any CPU
		{B753EE8A-5F61-4468-8BFF-9F5F4A12142F}.Debug|x86.Build.0 = Debug|Any CPU
		{B753EE8A-5F61-4468-8BFF-9F5F4A12142F}.Release|Any CPU.ActiveCfg = Release|Any CPU
		{B753EE8A-5F61-4468-8BFF-9F5F4A12142F}.Release|Any CPU.Build.0 = Release|Any CPU
		{B753EE8A-5F61-4468-8BFF-9F5F4A12142F}.Release|x64.ActiveCfg = Release|Any CPU
		{B753EE8A-5F61-4468-8BFF-9F5F4A12142F}.Release|x64.Build.0 = Release|Any CPU
		{B753EE8A-5F61-4468-8BFF-9F5F4A12142F}.Release|x86.ActiveCfg = Release|Any CPU
		{B753EE8A-5F61-4468-8BFF-9F5F4A12142F}.Release|x86.Build.0 = Release|Any CPU
		{C1215B3D-C0C6-45A4-9C4B-4E9365284AE2}.Debug|Any CPU.ActiveCfg = Debug|Any CPU
		{C1215B3D-C0C6-45A4-9C4B-4E9365284AE2}.Debug|Any CPU.Build.0 = Debug|Any CPU
		{C1215B3D-C0C6-45A4-9C4B-4E9365284AE2}.Debug|x64.ActiveCfg = Debug|Any CPU
		{C1215B3D-C0C6-45A4-9C4B-4E9365284AE2}.Debug|x64.Build.0 = Debug|Any CPU
		{C1215B3D-C0C6-45A4-9C4B-4E9365284AE2}.Debug|x86.ActiveCfg = Debug|Any CPU
		{C1215B3D-C0C6-45A4-9C4B-4E9365284AE2}.Debug|x86.Build.0 = Debug|Any CPU
		{C1215B3D-C0C6-45A4-9C4B-4E9365284AE2}.Release|Any CPU.ActiveCfg = Release|Any CPU
		{C1215B3D-C0C6-45A4-9C4B-4E9365284AE2}.Release|Any CPU.Build.0 = Release|Any CPU
		{C1215B3D-C0C6-45A4-9C4B-4E9365284AE2}.Release|x64.ActiveCfg = Release|Any CPU
		{C1215B3D-C0C6-45A4-9C4B-4E9365284AE2}.Release|x64.Build.0 = Release|Any CPU
		{C1215B3D-C0C6-45A4-9C4B-4E9365284AE2}.Release|x86.ActiveCfg = Release|Any CPU
		{C1215B3D-C0C6-45A4-9C4B-4E9365284AE2}.Release|x86.Build.0 = Release|Any CPU
	EndGlobalSection
	GlobalSection(SolutionProperties) = preSolution
		HideSolutionNode = FALSE
	EndGlobalSection
	GlobalSection(NestedProjects) = preSolution
		{B6015095-D28C-4D9E-82FB-7166934E8AA5} = {D6C68D7F-CBC8-4700-A5F4-BA39966FE73C}
		{DD409C11-D6B5-47ED-9FD2-FDECE50FC4FA} = {D6C68D7F-CBC8-4700-A5F4-BA39966FE73C}
		{145AE802-142C-4489-9AF3-5A8FB5163EBF} = {B6015095-D28C-4D9E-82FB-7166934E8AA5}
		{D7AB1EAC-56CB-4C13-B10C-BCEE1CD241CA} = {B6015095-D28C-4D9E-82FB-7166934E8AA5}
		{1FF90085-7F7A-4035-A502-46241BC9A939} = {B6015095-D28C-4D9E-82FB-7166934E8AA5}
		{BC361862-7189-4F7B-8DE5-102D674EBB95} = {DD409C11-D6B5-47ED-9FD2-FDECE50FC4FA}
		{6F57FBC4-129B-4C78-9163-97E6473B21F7} = {DD409C11-D6B5-47ED-9FD2-FDECE50FC4FA}
		{FFDC5590-4A10-45D7-AFB0-FEFCAEC28919} = {DD409C11-D6B5-47ED-9FD2-FDECE50FC4FA}
		{163F669E-2DFB-4F2E-9BC4-9C714BBE5141} = {B6015095-D28C-4D9E-82FB-7166934E8AA5}
		{0CBF55E0-A769-43EF-A05E-462DE174AF98} = {B6015095-D28C-4D9E-82FB-7166934E8AA5}
		{44E69B6E-4B19-43DF-BB6D-F717271FEFBE} = {B6015095-D28C-4D9E-82FB-7166934E8AA5}
		{4987BAAF-3CB6-4D50-91CD-88A1F8E2EA54} = {DD409C11-D6B5-47ED-9FD2-FDECE50FC4FA}
		{62F510E3-C627-4444-9DA6-E8F7CCB10DD4} = {3B478EA0-F31D-4067-B313-2EC16EDDDEA3}
		{B753EE8A-5F61-4468-8BFF-9F5F4A12142F} = {3B478EA0-F31D-4067-B313-2EC16EDDDEA3}
		{C1215B3D-C0C6-45A4-9C4B-4E9365284AE2} = {B6015095-D28C-4D9E-82FB-7166934E8AA5}
	EndGlobalSection
	GlobalSection(ExtensibilityGlobals) = postSolution
		SolutionGuid = {4A37BCC4-6E76-48E6-88C7-10E68EC6215F}
	EndGlobalSection
EndGlobal
